
Microsoft Visual Studio Solution File, Format Version 12.00
# Visual Studio 15
VisualStudioVersion = 15.0.28307.1000
MinimumVisualStudioVersion = 10.0.40219.1
Project("{FAE04EC0-301F-11D3-BF4B-00C04F79EFBC}") = "testface", "testface\testface.csproj", "{31DCF4D3-406E-4214-B0C4-B91D6A368715}"
EndProject
Project("{9A19103F-16F7-4668-BE54-9A1E7A4F7556}") = "Face.Web.Core", "Face.Web\Face.Web.Core.csproj", "{2414C3EE-4C35-4CD1-947D-0DAB6BB58C0B}"
EndProject
Project("{FAE04EC0-301F-11D3-BF4B-00C04F79EFBC}") = "Face.Web.Net", "Face.Web.Net\Face.Web.Net.csproj", "{77A877FE-E766-40C7-AC8A-CEFF19C0F91B}"
EndProject
Project("{9A19103F-16F7-4668-BE54-9A1E7A4F7556}") = "Face.Web.App", "Face.Web.App\Face.Web.App.csproj", "{399F26D7-CE29-4C11-AA64-04CCDA646CEF}"
EndProject
Global
	GlobalSection(SolutionConfigurationPlatforms) = preSolution
		Debug|Any CPU = Debug|Any CPU
		Debug|x64 = Debug|x64
		Debug|x86 = Debug|x86
		Release|Any CPU = Release|Any CPU
		Release|x64 = Release|x64
		Release|x86 = Release|x86
	EndGlobalSection
	GlobalSection(ProjectConfigurationPlatforms) = postSolution
		{31DCF4D3-406E-4214-B0C4-B91D6A368715}.Debug|Any CPU.ActiveCfg = Debug|x86
		{31DCF4D3-406E-4214-B0C4-B91D6A368715}.Debug|x64.ActiveCfg = Debug|x64
		{31DCF4D3-406E-4214-B0C4-B91D6A368715}.Debug|x64.Build.0 = Debug|x64
		{31DCF4D3-406E-4214-B0C4-B91D6A368715}.Debug|x86.ActiveCfg = Debug|x86
		{31DCF4D3-406E-4214-B0C4-B91D6A368715}.Debug|x86.Build.0 = Debug|x86
		{31DCF4D3-406E-4214-B0C4-B91D6A368715}.Release|Any CPU.ActiveCfg = Release|x86
		{31DCF4D3-406E-4214-B0C4-B91D6A368715}.Release|x64.ActiveCfg = Release|x64
		{31DCF4D3-406E-4214-B0C4-B91D6A368715}.Release|x64.Build.0 = Release|x64
		{31DCF4D3-406E-4214-B0C4-B91D6A368715}.Release|x86.ActiveCfg = Release|x86
		{31DCF4D3-406E-4214-B0C4-B91D6A368715}.Release|x86.Build.0 = Release|x86
		{2414C3EE-4C35-4CD1-947D-0DAB6BB58C0B}.Debug|Any CPU.ActiveCfg = Debug|Any CPU
		{2414C3EE-4C35-4CD1-947D-0DAB6BB58C0B}.Debug|Any CPU.Build.0 = Debug|Any CPU
		{2414C3EE-4C35-4CD1-947D-0DAB6BB58C0B}.Debug|x64.ActiveCfg = Debug|Any CPU
		{2414C3EE-4C35-4CD1-947D-0DAB6BB58C0B}.Debug|x64.Build.0 = Debug|Any CPU
		{2414C3EE-4C35-4CD1-947D-0DAB6BB58C0B}.Debug|x86.ActiveCfg = Debug|Any CPU
		{2414C3EE-4C35-4CD1-947D-0DAB6BB58C0B}.Debug|x86.Build.0 = Debug|Any CPU
		{2414C3EE-4C35-4CD1-947D-0DAB6BB58C0B}.Release|Any CPU.ActiveCfg = Release|Any CPU
		{2414C3EE-4C35-4CD1-947D-0DAB6BB58C0B}.Release|Any CPU.Build.0 = Release|Any CPU
		{2414C3EE-4C35-4CD1-947D-0DAB6BB58C0B}.Release|x64.ActiveCfg = Debug|Any CPU
		{2414C3EE-4C35-4CD1-947D-0DAB6BB58C0B}.Release|x64.Build.0 = Debug|Any CPU
		{2414C3EE-4C35-4CD1-947D-0DAB6BB58C0B}.Release|x86.ActiveCfg = Release|Any CPU
		{2414C3EE-4C35-4CD1-947D-0DAB6BB58C0B}.Release|x86.Build.0 = Release|Any CPU
		{77A877FE-E766-40C7-AC8A-CEFF19C0F91B}.Debug|Any CPU.ActiveCfg = Debug|Any CPU
		{77A877FE-E766-40C7-AC8A-CEFF19C0F91B}.Debug|Any CPU.Build.0 = Debug|Any CPU
		{77A877FE-E766-40C7-AC8A-CEFF19C0F91B}.Debug|x64.ActiveCfg = Debug|Any CPU
		{77A877FE-E766-40C7-AC8A-CEFF19C0F91B}.Debug|x64.Build.0 = Debug|Any CPU
		{77A877FE-E766-40C7-AC8A-CEFF19C0F91B}.Debug|x86.ActiveCfg = Debug|Any CPU
		{77A877FE-E766-40C7-AC8A-CEFF19C0F91B}.Debug|x86.Build.0 = Debug|Any CPU
		{77A877FE-E766-40C7-AC8A-CEFF19C0F91B}.Release|Any CPU.ActiveCfg = Release|Any CPU
		{77A877FE-E766-40C7-AC8A-CEFF19C0F91B}.Release|Any CPU.Build.0 = Release|Any CPU
		{77A877FE-E766-40C7-AC8A-CEFF19C0F91B}.Release|x64.ActiveCfg = Release|Any CPU
		{77A877FE-E766-40C7-AC8A-CEFF19C0F91B}.Release|x64.Build.0 = Release|Any CPU
		{77A877FE-E766-40C7-AC8A-CEFF19C0F91B}.Release|x86.ActiveCfg = Release|Any CPU
		{77A877FE-E766-40C7-AC8A-CEFF19C0F91B}.Release|x86.Build.0 = Release|Any CPU
		{399F26D7-CE29-4C11-AA64-04CCDA646CEF}.Debug|Any CPU.ActiveCfg = Debug|Any CPU
		{399F26D7-CE29-4C11-AA64-04CCDA646CEF}.Debug|Any CPU.Build.0 = Debug|Any CPU
		{399F26D7-CE29-4C11-AA64-04CCDA646CEF}.Debug|x64.ActiveCfg = Debug|Any CPU
		{399F26D7-CE29-4C11-AA64-04CCDA646CEF}.Debug|x64.Build.0 = Debug|Any CPU
		{399F26D7-CE29-4C11-AA64-04CCDA646CEF}.Debug|x86.ActiveCfg = Debug|Any CPU
		{399F26D7-CE29-4C11-AA64-04CCDA646CEF}.Debug|x86.Build.0 = Debug|Any CPU
		{399F26D7-CE29-4C11-AA64-04CCDA646CEF}.Release|Any CPU.ActiveCfg = Release|Any CPU
		{399F26D7-CE29-4C11-AA64-04CCDA646CEF}.Release|Any CPU.Build.0 = Release|Any CPU
		{399F26D7-CE29-4C11-AA64-04CCDA646CEF}.Release|x64.ActiveCfg = Release|Any CPU
		{399F26D7-CE29-4C11-AA64-04CCDA646CEF}.Release|x64.Build.0 = Release|Any CPU
		{399F26D7-CE29-4C11-AA64-04CCDA646CEF}.Release|x86.ActiveCfg = Release|Any CPU
		{399F26D7-CE29-4C11-AA64-04CCDA646CEF}.Release|x86.Build.0 = Release|Any CPU
	EndGlobalSection
	GlobalSection(SolutionProperties) = preSolution
		HideSolutionNode = FALSE
	EndGlobalSection
	GlobalSection(ExtensibilityGlobals) = postSolution
		SolutionGuid = {626A6D17-413D-418B-9AAF-A13FA45CC0CB}
	EndGlobalSection
EndGlobal
